
Microsoft Visual Studio Solution File, Format Version 12.00
# Visual Studio Version 16
VisualStudioVersion = 16.0.30717.126
MinimumVisualStudioVersion = 10.0.40219.1
Project("{9A19103F-16F7-4668-BE54-9A1E7A4F7556}") = "ChangeBureau", "ChangeBureau\ChangeBureau.csproj", "{2BF03489-DCAC-475F-A707-C66F9DD67D13}"
EndProject
Project("{9A19103F-16F7-4668-BE54-9A1E7A4F7556}") = "SuppliesForSchool", "SuppliesForSchool\SuppliesForSchool.csproj", "{C58A7D3C-6010-428F-9537-7D4F78AEF3CD}"
EndProject
Project("{9A19103F-16F7-4668-BE54-9A1E7A4F7556}") = "CatWalking", "CatWalking\CatWalking.csproj", "{54603D8A-B6F5-4C5F-86BA-35B2C70B4792}"
EndProject
Project("{9A19103F-16F7-4668-BE54-9A1E7A4F7556}") = "MountainRun", "MountainRun\MountainRun.csproj", "{D69E9C6D-C7F0-4D20-9F05-4F1AF6EF7078}"
EndProject
Project("{9A19103F-16F7-4668-BE54-9A1E7A4F7556}") = "EnergyBooster", "EnergyBooster\EnergyBooster.csproj", "{A8DFB5D7-C7C4-42B2-BE07-D5C85D46F3C2}"
EndProject
Project("{9A19103F-16F7-4668-BE54-9A1E7A4F7556}") = "FitnessCard", "FitnessCard\FitnessCard.csproj", "{8F2C3ACA-3228-4098-9A31-C6EB29650AE1}"
EndProject
Project("{9A19103F-16F7-4668-BE54-9A1E7A4F7556}") = "FoodForPets", "FoodForPets\FoodForPets.csproj", "{4F86C513-C760-4295-A15D-538BCA6AC693}"
EndProject
Project("{9A19103F-16F7-4668-BE54-9A1E7A4F7556}") = "TrekkingMania", "TrekkingMania\TrekkingMania.csproj", "{91169A36-54A2-45EA-B5FB-B912E070F63E}"
EndProject
Project("{9A19103F-16F7-4668-BE54-9A1E7A4F7556}") = "CareOfPuppy", "CareOfPuppy\CareOfPuppy.csproj", "{EF6A722B-FA86-4B94-930D-1236DC466E5E}"
EndProject
Project("{9A19103F-16F7-4668-BE54-9A1E7A4F7556}") = "SuitcasesLoad", "SuitcasesLoad\SuitcasesLoad.csproj", "{DAA69640-1E1B-4EBD-AD3D-E0DF4DA56A73}"
EndProject
Project("{9A19103F-16F7-4668-BE54-9A1E7A4F7556}") = "TournamentOfChristmas", "TournamentOfChristmas\TournamentOfChristmas.csproj", "{346B3A92-6E71-4F2D-ADCB-5FB93B886594}"
EndProject
Project("{9A19103F-16F7-4668-BE54-9A1E7A4F7556}") = "EasterLunch", "EasterLunch\EasterLunch.csproj", "{F870E6BB-C9CA-4987-94B2-F1A1AD430A98}"
EndProject
Project("{9A19103F-16F7-4668-BE54-9A1E7A4F7556}") = "EasterBakery", "EasterBakery\EasterBakery.csproj", "{E2583A75-9846-4C23-8342-1E81587CFF26}"
EndProject
Project("{9A19103F-16F7-4668-BE54-9A1E7A4F7556}") = "EasterParty", "EasterParty\EasterParty.csproj", "{914A111A-288D-4AA3-A786-E63FFA426136}"
EndProject
Project("{9A19103F-16F7-4668-BE54-9A1E7A4F7556}") = "EasterGuests", "EasterGuests\EasterGuests.csproj", "{9CA50E85-3801-4015-90C0-91C27002ADA8}"
EndProject
Project("{9A19103F-16F7-4668-BE54-9A1E7A4F7556}") = "EasterTrip", "EasterTrip\EasterTrip.csproj", "{0D904DB9-2F78-41B2-8CC9-47B0741F5592}"
EndProject
Project("{9A19103F-16F7-4668-BE54-9A1E7A4F7556}") = "PaintingEggs", "PaintingEggs\PaintingEggs.csproj", "{C96DC15A-AA20-4FCC-8FC7-457283297FFA}"
EndProject
Project("{9A19103F-16F7-4668-BE54-9A1E7A4F7556}") = "EasterEggsBattle", "EasterEggsBattle\EasterEggsBattle.csproj", "{65BD39BC-26F5-4BFD-8498-95D91B1B1F89}"
EndProject
Project("{9A19103F-16F7-4668-BE54-9A1E7A4F7556}") = "EasterShop", "EasterShop\EasterShop.csproj", "{95D41914-6288-4971-894B-4E0466A148CC}"
EndProject
Project("{9A19103F-16F7-4668-BE54-9A1E7A4F7556}") = "EasterEggs", "EasterEggs\EasterEggs.csproj", "{D42AB9B4-82A6-4970-95FC-64B39A70AFEC}"
EndProject
Project("{9A19103F-16F7-4668-BE54-9A1E7A4F7556}") = "EasterBake", "EasterBake\EasterBake.csproj", "{AD904B99-3E7F-46DB-9F9D-32511E4F0C39}"
EndProject
Project("{9A19103F-16F7-4668-BE54-9A1E7A4F7556}") = "EasterCompetition", "EasterCompetition\EasterCompetition.csproj", "{29B0C3F3-3600-45F7-8078-6CFB2D994D90}"
EndProject
Project("{9A19103F-16F7-4668-BE54-9A1E7A4F7556}") = "EasterDecoration", "EasterDecoration\EasterDecoration.csproj", "{D507D443-A4C8-4BCC-ACA9-B1D5207F5186}"
EndProject
Project("{9A19103F-16F7-4668-BE54-9A1E7A4F7556}") = "FoodDelivery", "FoodDelivery\FoodDelivery.csproj", "{3FEB5B59-F230-41CB-BAD0-3BBDEAE7C211}"
EndProject
Project("{9A19103F-16F7-4668-BE54-9A1E7A4F7556}") = "Safari", "Safari\Safari.csproj", "{7B112A5F-FF39-4496-A9E8-FDAF5C590ACF}"
EndProject
Project("{9A19103F-16F7-4668-BE54-9A1E7A4F7556}") = "MobileOperator", "MobileOperator\MobileOperator.csproj", "{5591D96F-6E20-4604-B1F9-7FBA3DDAAA3F}"
EndProject
Project("{9A19103F-16F7-4668-BE54-9A1E7A4F7556}") = "TouristShop", "TouristShop\TouristShop.csproj", "{4BB7FA3C-4664-49CB-B718-E1AB904B5023}"
EndProject
Project("{9A19103F-16F7-4668-BE54-9A1E7A4F7556}") = "DivisionWithoutRemainder", "DivisionWithoutRemainder\DivisionWithoutRemainder.csproj", "{9DC514A5-37B6-4439-808E-1A9D07492CAD}"
EndProject
Project("{9A19103F-16F7-4668-BE54-9A1E7A4F7556}") = "VetParking", "VetParking\VetParking.csproj", "{03AB9FA0-1C7C-4CF5-9B03-A87409138EB5}"
EndProject
Project("{9A19103F-16F7-4668-BE54-9A1E7A4F7556}") = "BasketballEquipment", "BasketballEquipment\BasketballEquipment.csproj", "{9752D8B9-38A7-445F-91DB-A6159A09C2C7}"
EndProject
Project("{9A19103F-16F7-4668-BE54-9A1E7A4F7556}") = "TennisEquipment", "TennisEquipment\TennisEquipment.csproj", "{87B5AEF5-9005-46AE-9820-C313E0461BCE}"
EndProject
Project("{9A19103F-16F7-4668-BE54-9A1E7A4F7556}") = "FootballResults", "FootballResults\FootballResults.csproj", "{E4D5F4D0-511F-44EF-9D6D-BBABAE273E23}"
EndProject
Project("{9A19103F-16F7-4668-BE54-9A1E7A4F7556}") = "Skeleton", "Skeleton\Skeleton.csproj", "{9F232B77-43A9-4EB3-B95B-7EDD5C0B0B3F}"
EndProject
Project("{9A19103F-16F7-4668-BE54-9A1E7A4F7556}") = "Gymnastics", "Gymnastics\Gymnastics.csproj", "{C522B745-11C4-452C-BB01-060D55377D42}"
EndProject
Project("{9A19103F-16F7-4668-BE54-9A1E7A4F7556}") = "WorldSnookerChampionship", "WorldSnookerChampionship\WorldSnookerChampionship.csproj", "{11C9F129-7706-48C7-8CDF-01B73837B34B}"
EndProject
Project("{9A19103F-16F7-4668-BE54-9A1E7A4F7556}") = "GameNumberWars", "GameNumberWars\GameNumberWars.csproj", "{4C6E4D37-EDE9-4755-AD8A-3FC029EF0589}"
EndProject
Project("{9A19103F-16F7-4668-BE54-9A1E7A4F7556}") = "Darts", "Darts\Darts.csproj", "{B07EE2C2-E5AB-4FD1-B675-1EA2877954CB}"
EndProject
Project("{9A19103F-16F7-4668-BE54-9A1E7A4F7556}") = "TennisRanklist", "TennisRanklist\TennisRanklist.csproj", "{3877A48C-7373-456E-A641-686AF6ED4B63}"
EndProject
Project("{9A19103F-16F7-4668-BE54-9A1E7A4F7556}") = "FitnessCenter", "FitnessCenter\FitnessCenter.csproj", "{07D93650-F135-4C5A-9914-5CEB5CF565A8}"
EndProject
Project("{9A19103F-16F7-4668-BE54-9A1E7A4F7556}") = "HighJump", "HighJump\HighJump.csproj", "{00575C88-139A-4A68-84F1-F0E0CB82E291}"
EndProject
Project("{9A19103F-16F7-4668-BE54-9A1E7A4F7556}") = "BasketballTournament", "BasketballTournament\BasketballTournament.csproj", "{0101790F-D72C-47BA-BCAE-E479D274C7BD}"
EndProject
Project("{9A19103F-16F7-4668-BE54-9A1E7A4F7556}") = "SeriesCalculator", "SeriesCalculator\SeriesCalculator.csproj", "{C7228C94-4E22-4579-B3AF-6DE7A48610D7}"
EndProject
Project("{9A19103F-16F7-4668-BE54-9A1E7A4F7556}") = "MovieProfit", "MovieProfit\MovieProfit.csproj", "{A9368097-EA1A-4AAA-97AD-D0EE44E87795}"
EndProject
Project("{9A19103F-16F7-4668-BE54-9A1E7A4F7556}") = "LunchBreak", "LunchBreak\LunchBreak.csproj", "{960725B2-B33A-4565-AF8B-FD80C591C77B}"
EndProject
Project("{9A19103F-16F7-4668-BE54-9A1E7A4F7556}") = "MovieDay", "MovieDay\MovieDay.csproj", "{0F47028E-9AB6-4A27-B77D-12F1D27487B5}"
EndProject
Project("{9A19103F-16F7-4668-BE54-9A1E7A4F7556}") = "FilmPremiere", "FilmPremiere\FilmPremiere.csproj", "{45FCBA7A-29BD-4F5D-A2DC-3AB88A5CB07C}"
EndProject
Project("{9A19103F-16F7-4668-BE54-9A1E7A4F7556}") = "MovieDestination", "MovieDestination\MovieDestination.csproj", "{17E60D5E-9F23-4B6E-A30B-5589F49B3809}"
EndProject
Project("{9A19103F-16F7-4668-BE54-9A1E7A4F7556}") = "Cinema", "Cinema\Cinema.csproj", "{D9364447-67BC-4C64-8640-C36F274B95C0}"
EndProject
Project("{9A19103F-16F7-4668-BE54-9A1E7A4F7556}") = "MovieStars", "MovieStars\MovieStars.csproj", "{49750080-5C21-4D58-942C-90CC73407D13}"
EndProject
Project("{9A19103F-16F7-4668-BE54-9A1E7A4F7556}") = "Series", "Series\Series.csproj", "{2A9D37B4-5EDF-4BBF-9A4C-07FC0C5138E2}"
EndProject
Project("{9A19103F-16F7-4668-BE54-9A1E7A4F7556}") = "Oscars", "Oscars\Oscars.csproj", "{35F418CC-FA0B-4B50-B3ED-B868FBA2D25E}"
EndProject
Project("{9A19103F-16F7-4668-BE54-9A1E7A4F7556}") = "FavoriteMovie", "FavoriteMovie\FavoriteMovie.csproj", "{C6B3C69C-AE5F-42D7-A58E-E337439E6EE1}"
EndProject
Project("{9A19103F-16F7-4668-BE54-9A1E7A4F7556}") = "MovieTickets", "MovieTickets\MovieTickets.csproj", "{24CD17FD-141C-4BBD-91B9-E2438BDF912E}"
EndProject
Project("{9A19103F-16F7-4668-BE54-9A1E7A4F7556}") = "OscarsCeremony", "OscarsCeremony\OscarsCeremony.csproj", "{B3D0E8F9-4886-4773-9EF7-E640EF4179FE}"
EndProject
Project("{9A19103F-16F7-4668-BE54-9A1E7A4F7556}") = "GodzillaVsKong", "GodzillaVsKong\GodzillaVsKong.csproj", "{D5F7E9BB-A124-45F8-98D3-3713E7C9EB81}"
EndProject
Project("{9A19103F-16F7-4668-BE54-9A1E7A4F7556}") = "OscarsWeekInCinema", "OscarsWeekInCinema\OscarsWeekInCinema.csproj", "{E1E6ED8E-6886-4755-8CFF-6B1EFB19DE69}"
EndProject
Project("{9A19103F-16F7-4668-BE54-9A1E7A4F7556}") = "CinemaVoucher", "CinemaVoucher\CinemaVoucher.csproj", "{0049AA18-84E6-46E2-8542-59C18DC773A5}"
EndProject
Project("{9A19103F-16F7-4668-BE54-9A1E7A4F7556}") = "MovieRatings", "MovieRatings\MovieRatings.csproj", "{2AB3F11C-A62E-493E-8B86-B688718221F3}"
EndProject
Project("{9A19103F-16F7-4668-BE54-9A1E7A4F7556}") = "CinemaTickets", "CinemaTickets\CinemaTickets.csproj", "{324A8785-8F3D-4714-8940-5F324DE84804}"
EndProject
Project("{9A19103F-16F7-4668-BE54-9A1E7A4F7556}") = "PoolDay", "PoolDay\PoolDay.csproj", "{F233655A-8A81-4805-BDE6-2C2E4D4C8ABF}"
EndProject
Project("{9A19103F-16F7-4668-BE54-9A1E7A4F7556}") = "Repainting", "Repainting\Repainting.csproj", "{3ADC50B8-371A-4C6E-A9B0-EC6B5122168A}"
EndProject
Project("{9A19103F-16F7-4668-BE54-9A1E7A4F7556}") = "FamilyTrip", "FamilyTrip\FamilyTrip.csproj", "{537D93CD-D6E8-49A7-AF8C-DA8B326EE700}"
EndProject
Project("{9A19103F-16F7-4668-BE54-9A1E7A4F7556}") = "Shopping", "Shopping\Shopping.csproj", "{3ED60980-B48D-4223-B067-09A497A62E2E}"
EndProject
Project("{9A19103F-16F7-4668-BE54-9A1E7A4F7556}") = "CoffeeMachine", "CoffeeMachine\CoffeeMachine.csproj", "{BD42972F-92B9-4BA3-A1A4-31EA33F0958C}"
EndProject
Project("{9A19103F-16F7-4668-BE54-9A1E7A4F7556}") = "TravelAgency", "TravelAgency\TravelAgency.csproj", "{5DEE17A0-16AC-406D-9169-DE84D0A9AA7C}"
EndProject
Project("{9A19103F-16F7-4668-BE54-9A1E7A4F7556}") = "Club", "Club\Club.csproj", "{145B7966-5ED6-460E-8D27-D0005B833C96}"
EndProject
Project("{9A19103F-16F7-4668-BE54-9A1E7A4F7556}") = "Renovation", "Renovation\Renovation.csproj", "{26551A69-F412-48BC-A434-A91055B0BE69}"
EndProject
Project("{FAE04EC0-301F-11D3-BF4B-00C04F79EFBC}") = "PCGameShop", "PCGameShop\PCGameShop.csproj", "{2DB5271C-FE0E-4765-BE8D-CAB9D322EB89}"
EndProject
Project("{FAE04EC0-301F-11D3-BF4B-00C04F79EFBC}") = "FootballTournament", "FootballTournament\FootballTournament.csproj", "{7C5F2BC6-0C09-4450-B85B-19E1590C3B57}"
EndProject
Project("{FAE04EC0-301F-11D3-BF4B-00C04F79EFBC}") = "NameGame", "NameGame\NameGame.csproj", "{F8A9FA54-BA5B-4A64-9B69-557EF4A2682E}"
EndProject
Project("{FAE04EC0-301F-11D3-BF4B-00C04F79EFBC}") = "TheMostPowerfulWord", "TheMostPowerfulWord\TheMostPowerfulWord.csproj", "{B18A0864-91CC-48EC-9C8F-ADE39080848D}"
EndProject
Global
	GlobalSection(SolutionConfigurationPlatforms) = preSolution
		Debug|Any CPU = Debug|Any CPU
		Release|Any CPU = Release|Any CPU
	EndGlobalSection
	GlobalSection(ProjectConfigurationPlatforms) = postSolution
		{2BF03489-DCAC-475F-A707-C66F9DD67D13}.Debug|Any CPU.ActiveCfg = Debug|Any CPU
		{2BF03489-DCAC-475F-A707-C66F9DD67D13}.Debug|Any CPU.Build.0 = Debug|Any CPU
		{2BF03489-DCAC-475F-A707-C66F9DD67D13}.Release|Any CPU.ActiveCfg = Release|Any CPU
		{2BF03489-DCAC-475F-A707-C66F9DD67D13}.Release|Any CPU.Build.0 = Release|Any CPU
		{C58A7D3C-6010-428F-9537-7D4F78AEF3CD}.Debug|Any CPU.ActiveCfg = Debug|Any CPU
		{C58A7D3C-6010-428F-9537-7D4F78AEF3CD}.Debug|Any CPU.Build.0 = Debug|Any CPU
		{C58A7D3C-6010-428F-9537-7D4F78AEF3CD}.Release|Any CPU.ActiveCfg = Release|Any CPU
		{C58A7D3C-6010-428F-9537-7D4F78AEF3CD}.Release|Any CPU.Build.0 = Release|Any CPU
		{54603D8A-B6F5-4C5F-86BA-35B2C70B4792}.Debug|Any CPU.ActiveCfg = Debug|Any CPU
		{54603D8A-B6F5-4C5F-86BA-35B2C70B4792}.Debug|Any CPU.Build.0 = Debug|Any CPU
		{54603D8A-B6F5-4C5F-86BA-35B2C70B4792}.Release|Any CPU.ActiveCfg = Release|Any CPU
		{54603D8A-B6F5-4C5F-86BA-35B2C70B4792}.Release|Any CPU.Build.0 = Release|Any CPU
		{D69E9C6D-C7F0-4D20-9F05-4F1AF6EF7078}.Debug|Any CPU.ActiveCfg = Debug|Any CPU
		{D69E9C6D-C7F0-4D20-9F05-4F1AF6EF7078}.Debug|Any CPU.Build.0 = Debug|Any CPU
		{D69E9C6D-C7F0-4D20-9F05-4F1AF6EF7078}.Release|Any CPU.ActiveCfg = Release|Any CPU
		{D69E9C6D-C7F0-4D20-9F05-4F1AF6EF7078}.Release|Any CPU.Build.0 = Release|Any CPU
		{A8DFB5D7-C7C4-42B2-BE07-D5C85D46F3C2}.Debug|Any CPU.ActiveCfg = Debug|Any CPU
		{A8DFB5D7-C7C4-42B2-BE07-D5C85D46F3C2}.Debug|Any CPU.Build.0 = Debug|Any CPU
		{A8DFB5D7-C7C4-42B2-BE07-D5C85D46F3C2}.Release|Any CPU.ActiveCfg = Release|Any CPU
		{A8DFB5D7-C7C4-42B2-BE07-D5C85D46F3C2}.Release|Any CPU.Build.0 = Release|Any CPU
		{8F2C3ACA-3228-4098-9A31-C6EB29650AE1}.Debug|Any CPU.ActiveCfg = Debug|Any CPU
		{8F2C3ACA-3228-4098-9A31-C6EB29650AE1}.Debug|Any CPU.Build.0 = Debug|Any CPU
		{8F2C3ACA-3228-4098-9A31-C6EB29650AE1}.Release|Any CPU.ActiveCfg = Release|Any CPU
		{8F2C3ACA-3228-4098-9A31-C6EB29650AE1}.Release|Any CPU.Build.0 = Release|Any CPU
		{4F86C513-C760-4295-A15D-538BCA6AC693}.Debug|Any CPU.ActiveCfg = Debug|Any CPU
		{4F86C513-C760-4295-A15D-538BCA6AC693}.Debug|Any CPU.Build.0 = Debug|Any CPU
		{4F86C513-C760-4295-A15D-538BCA6AC693}.Release|Any CPU.ActiveCfg = Release|Any CPU
		{4F86C513-C760-4295-A15D-538BCA6AC693}.Release|Any CPU.Build.0 = Release|Any CPU
		{91169A36-54A2-45EA-B5FB-B912E070F63E}.Debug|Any CPU.ActiveCfg = Debug|Any CPU
		{91169A36-54A2-45EA-B5FB-B912E070F63E}.Debug|Any CPU.Build.0 = Debug|Any CPU
		{91169A36-54A2-45EA-B5FB-B912E070F63E}.Release|Any CPU.ActiveCfg = Release|Any CPU
		{91169A36-54A2-45EA-B5FB-B912E070F63E}.Release|Any CPU.Build.0 = Release|Any CPU
		{EF6A722B-FA86-4B94-930D-1236DC466E5E}.Debug|Any CPU.ActiveCfg = Debug|Any CPU
		{EF6A722B-FA86-4B94-930D-1236DC466E5E}.Debug|Any CPU.Build.0 = Debug|Any CPU
		{EF6A722B-FA86-4B94-930D-1236DC466E5E}.Release|Any CPU.ActiveCfg = Release|Any CPU
		{EF6A722B-FA86-4B94-930D-1236DC466E5E}.Release|Any CPU.Build.0 = Release|Any CPU
		{DAA69640-1E1B-4EBD-AD3D-E0DF4DA56A73}.Debug|Any CPU.ActiveCfg = Debug|Any CPU
		{DAA69640-1E1B-4EBD-AD3D-E0DF4DA56A73}.Debug|Any CPU.Build.0 = Debug|Any CPU
		{DAA69640-1E1B-4EBD-AD3D-E0DF4DA56A73}.Release|Any CPU.ActiveCfg = Release|Any CPU
		{DAA69640-1E1B-4EBD-AD3D-E0DF4DA56A73}.Release|Any CPU.Build.0 = Release|Any CPU
		{346B3A92-6E71-4F2D-ADCB-5FB93B886594}.Debug|Any CPU.ActiveCfg = Debug|Any CPU
		{346B3A92-6E71-4F2D-ADCB-5FB93B886594}.Debug|Any CPU.Build.0 = Debug|Any CPU
		{346B3A92-6E71-4F2D-ADCB-5FB93B886594}.Release|Any CPU.ActiveCfg = Release|Any CPU
		{346B3A92-6E71-4F2D-ADCB-5FB93B886594}.Release|Any CPU.Build.0 = Release|Any CPU
		{F870E6BB-C9CA-4987-94B2-F1A1AD430A98}.Debug|Any CPU.ActiveCfg = Debug|Any CPU
		{F870E6BB-C9CA-4987-94B2-F1A1AD430A98}.Debug|Any CPU.Build.0 = Debug|Any CPU
		{F870E6BB-C9CA-4987-94B2-F1A1AD430A98}.Release|Any CPU.ActiveCfg = Release|Any CPU
		{F870E6BB-C9CA-4987-94B2-F1A1AD430A98}.Release|Any CPU.Build.0 = Release|Any CPU
		{E2583A75-9846-4C23-8342-1E81587CFF26}.Debug|Any CPU.ActiveCfg = Debug|Any CPU
		{E2583A75-9846-4C23-8342-1E81587CFF26}.Debug|Any CPU.Build.0 = Debug|Any CPU
		{E2583A75-9846-4C23-8342-1E81587CFF26}.Release|Any CPU.ActiveCfg = Release|Any CPU
		{E2583A75-9846-4C23-8342-1E81587CFF26}.Release|Any CPU.Build.0 = Release|Any CPU
		{914A111A-288D-4AA3-A786-E63FFA426136}.Debug|Any CPU.ActiveCfg = Debug|Any CPU
		{914A111A-288D-4AA3-A786-E63FFA426136}.Debug|Any CPU.Build.0 = Debug|Any CPU
		{914A111A-288D-4AA3-A786-E63FFA426136}.Release|Any CPU.ActiveCfg = Release|Any CPU
		{914A111A-288D-4AA3-A786-E63FFA426136}.Release|Any CPU.Build.0 = Release|Any CPU
		{9CA50E85-3801-4015-90C0-91C27002ADA8}.Debug|Any CPU.ActiveCfg = Debug|Any CPU
		{9CA50E85-3801-4015-90C0-91C27002ADA8}.Debug|Any CPU.Build.0 = Debug|Any CPU
		{9CA50E85-3801-4015-90C0-91C27002ADA8}.Release|Any CPU.ActiveCfg = Release|Any CPU
		{9CA50E85-3801-4015-90C0-91C27002ADA8}.Release|Any CPU.Build.0 = Release|Any CPU
		{0D904DB9-2F78-41B2-8CC9-47B0741F5592}.Debug|Any CPU.ActiveCfg = Debug|Any CPU
		{0D904DB9-2F78-41B2-8CC9-47B0741F5592}.Debug|Any CPU.Build.0 = Debug|Any CPU
		{0D904DB9-2F78-41B2-8CC9-47B0741F5592}.Release|Any CPU.ActiveCfg = Release|Any CPU
		{0D904DB9-2F78-41B2-8CC9-47B0741F5592}.Release|Any CPU.Build.0 = Release|Any CPU
		{C96DC15A-AA20-4FCC-8FC7-457283297FFA}.Debug|Any CPU.ActiveCfg = Debug|Any CPU
		{C96DC15A-AA20-4FCC-8FC7-457283297FFA}.Debug|Any CPU.Build.0 = Debug|Any CPU
		{C96DC15A-AA20-4FCC-8FC7-457283297FFA}.Release|Any CPU.ActiveCfg = Release|Any CPU
		{C96DC15A-AA20-4FCC-8FC7-457283297FFA}.Release|Any CPU.Build.0 = Release|Any CPU
		{65BD39BC-26F5-4BFD-8498-95D91B1B1F89}.Debug|Any CPU.ActiveCfg = Debug|Any CPU
		{65BD39BC-26F5-4BFD-8498-95D91B1B1F89}.Debug|Any CPU.Build.0 = Debug|Any CPU
		{65BD39BC-26F5-4BFD-8498-95D91B1B1F89}.Release|Any CPU.ActiveCfg = Release|Any CPU
		{65BD39BC-26F5-4BFD-8498-95D91B1B1F89}.Release|Any CPU.Build.0 = Release|Any CPU
		{95D41914-6288-4971-894B-4E0466A148CC}.Debug|Any CPU.ActiveCfg = Debug|Any CPU
		{95D41914-6288-4971-894B-4E0466A148CC}.Debug|Any CPU.Build.0 = Debug|Any CPU
		{95D41914-6288-4971-894B-4E0466A148CC}.Release|Any CPU.ActiveCfg = Release|Any CPU
		{95D41914-6288-4971-894B-4E0466A148CC}.Release|Any CPU.Build.0 = Release|Any CPU
		{D42AB9B4-82A6-4970-95FC-64B39A70AFEC}.Debug|Any CPU.ActiveCfg = Debug|Any CPU
		{D42AB9B4-82A6-4970-95FC-64B39A70AFEC}.Debug|Any CPU.Build.0 = Debug|Any CPU
		{D42AB9B4-82A6-4970-95FC-64B39A70AFEC}.Release|Any CPU.ActiveCfg = Release|Any CPU
		{D42AB9B4-82A6-4970-95FC-64B39A70AFEC}.Release|Any CPU.Build.0 = Release|Any CPU
		{AD904B99-3E7F-46DB-9F9D-32511E4F0C39}.Debug|Any CPU.ActiveCfg = Debug|Any CPU
		{AD904B99-3E7F-46DB-9F9D-32511E4F0C39}.Debug|Any CPU.Build.0 = Debug|Any CPU
		{AD904B99-3E7F-46DB-9F9D-32511E4F0C39}.Release|Any CPU.ActiveCfg = Release|Any CPU
		{AD904B99-3E7F-46DB-9F9D-32511E4F0C39}.Release|Any CPU.Build.0 = Release|Any CPU
		{29B0C3F3-3600-45F7-8078-6CFB2D994D90}.Debug|Any CPU.ActiveCfg = Debug|Any CPU
		{29B0C3F3-3600-45F7-8078-6CFB2D994D90}.Debug|Any CPU.Build.0 = Debug|Any CPU
		{29B0C3F3-3600-45F7-8078-6CFB2D994D90}.Release|Any CPU.ActiveCfg = Release|Any CPU
		{29B0C3F3-3600-45F7-8078-6CFB2D994D90}.Release|Any CPU.Build.0 = Release|Any CPU
		{D507D443-A4C8-4BCC-ACA9-B1D5207F5186}.Debug|Any CPU.ActiveCfg = Debug|Any CPU
		{D507D443-A4C8-4BCC-ACA9-B1D5207F5186}.Debug|Any CPU.Build.0 = Debug|Any CPU
		{D507D443-A4C8-4BCC-ACA9-B1D5207F5186}.Release|Any CPU.ActiveCfg = Release|Any CPU
		{D507D443-A4C8-4BCC-ACA9-B1D5207F5186}.Release|Any CPU.Build.0 = Release|Any CPU
		{3FEB5B59-F230-41CB-BAD0-3BBDEAE7C211}.Debug|Any CPU.ActiveCfg = Debug|Any CPU
		{3FEB5B59-F230-41CB-BAD0-3BBDEAE7C211}.Debug|Any CPU.Build.0 = Debug|Any CPU
		{3FEB5B59-F230-41CB-BAD0-3BBDEAE7C211}.Release|Any CPU.ActiveCfg = Release|Any CPU
		{3FEB5B59-F230-41CB-BAD0-3BBDEAE7C211}.Release|Any CPU.Build.0 = Release|Any CPU
		{7B112A5F-FF39-4496-A9E8-FDAF5C590ACF}.Debug|Any CPU.ActiveCfg = Debug|Any CPU
		{7B112A5F-FF39-4496-A9E8-FDAF5C590ACF}.Debug|Any CPU.Build.0 = Debug|Any CPU
		{7B112A5F-FF39-4496-A9E8-FDAF5C590ACF}.Release|Any CPU.ActiveCfg = Release|Any CPU
		{7B112A5F-FF39-4496-A9E8-FDAF5C590ACF}.Release|Any CPU.Build.0 = Release|Any CPU
		{5591D96F-6E20-4604-B1F9-7FBA3DDAAA3F}.Debug|Any CPU.ActiveCfg = Debug|Any CPU
		{5591D96F-6E20-4604-B1F9-7FBA3DDAAA3F}.Debug|Any CPU.Build.0 = Debug|Any CPU
		{5591D96F-6E20-4604-B1F9-7FBA3DDAAA3F}.Release|Any CPU.ActiveCfg = Release|Any CPU
		{5591D96F-6E20-4604-B1F9-7FBA3DDAAA3F}.Release|Any CPU.Build.0 = Release|Any CPU
		{4BB7FA3C-4664-49CB-B718-E1AB904B5023}.Debug|Any CPU.ActiveCfg = Debug|Any CPU
		{4BB7FA3C-4664-49CB-B718-E1AB904B5023}.Debug|Any CPU.Build.0 = Debug|Any CPU
		{4BB7FA3C-4664-49CB-B718-E1AB904B5023}.Release|Any CPU.ActiveCfg = Release|Any CPU
		{4BB7FA3C-4664-49CB-B718-E1AB904B5023}.Release|Any CPU.Build.0 = Release|Any CPU
		{9DC514A5-37B6-4439-808E-1A9D07492CAD}.Debug|Any CPU.ActiveCfg = Debug|Any CPU
		{9DC514A5-37B6-4439-808E-1A9D07492CAD}.Debug|Any CPU.Build.0 = Debug|Any CPU
		{9DC514A5-37B6-4439-808E-1A9D07492CAD}.Release|Any CPU.ActiveCfg = Release|Any CPU
		{9DC514A5-37B6-4439-808E-1A9D07492CAD}.Release|Any CPU.Build.0 = Release|Any CPU
		{03AB9FA0-1C7C-4CF5-9B03-A87409138EB5}.Debug|Any CPU.ActiveCfg = Debug|Any CPU
		{03AB9FA0-1C7C-4CF5-9B03-A87409138EB5}.Debug|Any CPU.Build.0 = Debug|Any CPU
		{03AB9FA0-1C7C-4CF5-9B03-A87409138EB5}.Release|Any CPU.ActiveCfg = Release|Any CPU
		{03AB9FA0-1C7C-4CF5-9B03-A87409138EB5}.Release|Any CPU.Build.0 = Release|Any CPU
		{9752D8B9-38A7-445F-91DB-A6159A09C2C7}.Debug|Any CPU.ActiveCfg = Debug|Any CPU
		{9752D8B9-38A7-445F-91DB-A6159A09C2C7}.Debug|Any CPU.Build.0 = Debug|Any CPU
		{9752D8B9-38A7-445F-91DB-A6159A09C2C7}.Release|Any CPU.ActiveCfg = Release|Any CPU
		{9752D8B9-38A7-445F-91DB-A6159A09C2C7}.Release|Any CPU.Build.0 = Release|Any CPU
		{87B5AEF5-9005-46AE-9820-C313E0461BCE}.Debug|Any CPU.ActiveCfg = Debug|Any CPU
		{87B5AEF5-9005-46AE-9820-C313E0461BCE}.Debug|Any CPU.Build.0 = Debug|Any CPU
		{87B5AEF5-9005-46AE-9820-C313E0461BCE}.Release|Any CPU.ActiveCfg = Release|Any CPU
		{87B5AEF5-9005-46AE-9820-C313E0461BCE}.Release|Any CPU.Build.0 = Release|Any CPU
		{E4D5F4D0-511F-44EF-9D6D-BBABAE273E23}.Debug|Any CPU.ActiveCfg = Debug|Any CPU
		{E4D5F4D0-511F-44EF-9D6D-BBABAE273E23}.Debug|Any CPU.Build.0 = Debug|Any CPU
		{E4D5F4D0-511F-44EF-9D6D-BBABAE273E23}.Release|Any CPU.ActiveCfg = Release|Any CPU
		{E4D5F4D0-511F-44EF-9D6D-BBABAE273E23}.Release|Any CPU.Build.0 = Release|Any CPU
		{9F232B77-43A9-4EB3-B95B-7EDD5C0B0B3F}.Debug|Any CPU.ActiveCfg = Debug|Any CPU
		{9F232B77-43A9-4EB3-B95B-7EDD5C0B0B3F}.Debug|Any CPU.Build.0 = Debug|Any CPU
		{9F232B77-43A9-4EB3-B95B-7EDD5C0B0B3F}.Release|Any CPU.ActiveCfg = Release|Any CPU
		{9F232B77-43A9-4EB3-B95B-7EDD5C0B0B3F}.Release|Any CPU.Build.0 = Release|Any CPU
		{C522B745-11C4-452C-BB01-060D55377D42}.Debug|Any CPU.ActiveCfg = Debug|Any CPU
		{C522B745-11C4-452C-BB01-060D55377D42}.Debug|Any CPU.Build.0 = Debug|Any CPU
		{C522B745-11C4-452C-BB01-060D55377D42}.Release|Any CPU.ActiveCfg = Release|Any CPU
		{C522B745-11C4-452C-BB01-060D55377D42}.Release|Any CPU.Build.0 = Release|Any CPU
		{11C9F129-7706-48C7-8CDF-01B73837B34B}.Debug|Any CPU.ActiveCfg = Debug|Any CPU
		{11C9F129-7706-48C7-8CDF-01B73837B34B}.Debug|Any CPU.Build.0 = Debug|Any CPU
		{11C9F129-7706-48C7-8CDF-01B73837B34B}.Release|Any CPU.ActiveCfg = Release|Any CPU
		{11C9F129-7706-48C7-8CDF-01B73837B34B}.Release|Any CPU.Build.0 = Release|Any CPU
		{4C6E4D37-EDE9-4755-AD8A-3FC029EF0589}.Debug|Any CPU.ActiveCfg = Debug|Any CPU
		{4C6E4D37-EDE9-4755-AD8A-3FC029EF0589}.Debug|Any CPU.Build.0 = Debug|Any CPU
		{4C6E4D37-EDE9-4755-AD8A-3FC029EF0589}.Release|Any CPU.ActiveCfg = Release|Any CPU
		{4C6E4D37-EDE9-4755-AD8A-3FC029EF0589}.Release|Any CPU.Build.0 = Release|Any CPU
		{B07EE2C2-E5AB-4FD1-B675-1EA2877954CB}.Debug|Any CPU.ActiveCfg = Debug|Any CPU
		{B07EE2C2-E5AB-4FD1-B675-1EA2877954CB}.Debug|Any CPU.Build.0 = Debug|Any CPU
		{B07EE2C2-E5AB-4FD1-B675-1EA2877954CB}.Release|Any CPU.ActiveCfg = Release|Any CPU
		{B07EE2C2-E5AB-4FD1-B675-1EA2877954CB}.Release|Any CPU.Build.0 = Release|Any CPU
		{3877A48C-7373-456E-A641-686AF6ED4B63}.Debug|Any CPU.ActiveCfg = Debug|Any CPU
		{3877A48C-7373-456E-A641-686AF6ED4B63}.Debug|Any CPU.Build.0 = Debug|Any CPU
		{3877A48C-7373-456E-A641-686AF6ED4B63}.Release|Any CPU.ActiveCfg = Release|Any CPU
		{3877A48C-7373-456E-A641-686AF6ED4B63}.Release|Any CPU.Build.0 = Release|Any CPU
		{07D93650-F135-4C5A-9914-5CEB5CF565A8}.Debug|Any CPU.ActiveCfg = Debug|Any CPU
		{07D93650-F135-4C5A-9914-5CEB5CF565A8}.Debug|Any CPU.Build.0 = Debug|Any CPU
		{07D93650-F135-4C5A-9914-5CEB5CF565A8}.Release|Any CPU.ActiveCfg = Release|Any CPU
		{07D93650-F135-4C5A-9914-5CEB5CF565A8}.Release|Any CPU.Build.0 = Release|Any CPU
		{00575C88-139A-4A68-84F1-F0E0CB82E291}.Debug|Any CPU.ActiveCfg = Debug|Any CPU
		{00575C88-139A-4A68-84F1-F0E0CB82E291}.Debug|Any CPU.Build.0 = Debug|Any CPU
		{00575C88-139A-4A68-84F1-F0E0CB82E291}.Release|Any CPU.ActiveCfg = Release|Any CPU
		{00575C88-139A-4A68-84F1-F0E0CB82E291}.Release|Any CPU.Build.0 = Release|Any CPU
		{0101790F-D72C-47BA-BCAE-E479D274C7BD}.Debug|Any CPU.ActiveCfg = Debug|Any CPU
		{0101790F-D72C-47BA-BCAE-E479D274C7BD}.Debug|Any CPU.Build.0 = Debug|Any CPU
		{0101790F-D72C-47BA-BCAE-E479D274C7BD}.Release|Any CPU.ActiveCfg = Release|Any CPU
		{0101790F-D72C-47BA-BCAE-E479D274C7BD}.Release|Any CPU.Build.0 = Release|Any CPU
		{C7228C94-4E22-4579-B3AF-6DE7A48610D7}.Debug|Any CPU.ActiveCfg = Debug|Any CPU
		{C7228C94-4E22-4579-B3AF-6DE7A48610D7}.Debug|Any CPU.Build.0 = Debug|Any CPU
		{C7228C94-4E22-4579-B3AF-6DE7A48610D7}.Release|Any CPU.ActiveCfg = Release|Any CPU
		{C7228C94-4E22-4579-B3AF-6DE7A48610D7}.Release|Any CPU.Build.0 = Release|Any CPU
		{A9368097-EA1A-4AAA-97AD-D0EE44E87795}.Debug|Any CPU.ActiveCfg = Debug|Any CPU
		{A9368097-EA1A-4AAA-97AD-D0EE44E87795}.Debug|Any CPU.Build.0 = Debug|Any CPU
		{A9368097-EA1A-4AAA-97AD-D0EE44E87795}.Release|Any CPU.ActiveCfg = Release|Any CPU
		{A9368097-EA1A-4AAA-97AD-D0EE44E87795}.Release|Any CPU.Build.0 = Release|Any CPU
		{960725B2-B33A-4565-AF8B-FD80C591C77B}.Debug|Any CPU.ActiveCfg = Debug|Any CPU
		{960725B2-B33A-4565-AF8B-FD80C591C77B}.Debug|Any CPU.Build.0 = Debug|Any CPU
		{960725B2-B33A-4565-AF8B-FD80C591C77B}.Release|Any CPU.ActiveCfg = Release|Any CPU
		{960725B2-B33A-4565-AF8B-FD80C591C77B}.Release|Any CPU.Build.0 = Release|Any CPU
		{0F47028E-9AB6-4A27-B77D-12F1D27487B5}.Debug|Any CPU.ActiveCfg = Debug|Any CPU
		{0F47028E-9AB6-4A27-B77D-12F1D27487B5}.Debug|Any CPU.Build.0 = Debug|Any CPU
		{0F47028E-9AB6-4A27-B77D-12F1D27487B5}.Release|Any CPU.ActiveCfg = Release|Any CPU
		{0F47028E-9AB6-4A27-B77D-12F1D27487B5}.Release|Any CPU.Build.0 = Release|Any CPU
		{45FCBA7A-29BD-4F5D-A2DC-3AB88A5CB07C}.Debug|Any CPU.ActiveCfg = Debug|Any CPU
		{45FCBA7A-29BD-4F5D-A2DC-3AB88A5CB07C}.Debug|Any CPU.Build.0 = Debug|Any CPU
		{45FCBA7A-29BD-4F5D-A2DC-3AB88A5CB07C}.Release|Any CPU.ActiveCfg = Release|Any CPU
		{45FCBA7A-29BD-4F5D-A2DC-3AB88A5CB07C}.Release|Any CPU.Build.0 = Release|Any CPU
		{17E60D5E-9F23-4B6E-A30B-5589F49B3809}.Debug|Any CPU.ActiveCfg = Debug|Any CPU
		{17E60D5E-9F23-4B6E-A30B-5589F49B3809}.Debug|Any CPU.Build.0 = Debug|Any CPU
		{17E60D5E-9F23-4B6E-A30B-5589F49B3809}.Release|Any CPU.ActiveCfg = Release|Any CPU
		{17E60D5E-9F23-4B6E-A30B-5589F49B3809}.Release|Any CPU.Build.0 = Release|Any CPU
		{D9364447-67BC-4C64-8640-C36F274B95C0}.Debug|Any CPU.ActiveCfg = Debug|Any CPU
		{D9364447-67BC-4C64-8640-C36F274B95C0}.Debug|Any CPU.Build.0 = Debug|Any CPU
		{D9364447-67BC-4C64-8640-C36F274B95C0}.Release|Any CPU.ActiveCfg = Release|Any CPU
		{D9364447-67BC-4C64-8640-C36F274B95C0}.Release|Any CPU.Build.0 = Release|Any CPU
		{49750080-5C21-4D58-942C-90CC73407D13}.Debug|Any CPU.ActiveCfg = Debug|Any CPU
		{49750080-5C21-4D58-942C-90CC73407D13}.Debug|Any CPU.Build.0 = Debug|Any CPU
		{49750080-5C21-4D58-942C-90CC73407D13}.Release|Any CPU.ActiveCfg = Release|Any CPU
		{49750080-5C21-4D58-942C-90CC73407D13}.Release|Any CPU.Build.0 = Release|Any CPU
		{2A9D37B4-5EDF-4BBF-9A4C-07FC0C5138E2}.Debug|Any CPU.ActiveCfg = Debug|Any CPU
		{2A9D37B4-5EDF-4BBF-9A4C-07FC0C5138E2}.Debug|Any CPU.Build.0 = Debug|Any CPU
		{2A9D37B4-5EDF-4BBF-9A4C-07FC0C5138E2}.Release|Any CPU.ActiveCfg = Release|Any CPU
		{2A9D37B4-5EDF-4BBF-9A4C-07FC0C5138E2}.Release|Any CPU.Build.0 = Release|Any CPU
		{35F418CC-FA0B-4B50-B3ED-B868FBA2D25E}.Debug|Any CPU.ActiveCfg = Debug|Any CPU
		{35F418CC-FA0B-4B50-B3ED-B868FBA2D25E}.Debug|Any CPU.Build.0 = Debug|Any CPU
		{35F418CC-FA0B-4B50-B3ED-B868FBA2D25E}.Release|Any CPU.ActiveCfg = Release|Any CPU
		{35F418CC-FA0B-4B50-B3ED-B868FBA2D25E}.Release|Any CPU.Build.0 = Release|Any CPU
		{C6B3C69C-AE5F-42D7-A58E-E337439E6EE1}.Debug|Any CPU.ActiveCfg = Debug|Any CPU
		{C6B3C69C-AE5F-42D7-A58E-E337439E6EE1}.Debug|Any CPU.Build.0 = Debug|Any CPU
		{C6B3C69C-AE5F-42D7-A58E-E337439E6EE1}.Release|Any CPU.ActiveCfg = Release|Any CPU
		{C6B3C69C-AE5F-42D7-A58E-E337439E6EE1}.Release|Any CPU.Build.0 = Release|Any CPU
		{24CD17FD-141C-4BBD-91B9-E2438BDF912E}.Debug|Any CPU.ActiveCfg = Debug|Any CPU
		{24CD17FD-141C-4BBD-91B9-E2438BDF912E}.Debug|Any CPU.Build.0 = Debug|Any CPU
		{24CD17FD-141C-4BBD-91B9-E2438BDF912E}.Release|Any CPU.ActiveCfg = Release|Any CPU
		{24CD17FD-141C-4BBD-91B9-E2438BDF912E}.Release|Any CPU.Build.0 = Release|Any CPU
		{B3D0E8F9-4886-4773-9EF7-E640EF4179FE}.Debug|Any CPU.ActiveCfg = Debug|Any CPU
		{B3D0E8F9-4886-4773-9EF7-E640EF4179FE}.Debug|Any CPU.Build.0 = Debug|Any CPU
		{B3D0E8F9-4886-4773-9EF7-E640EF4179FE}.Release|Any CPU.ActiveCfg = Release|Any CPU
		{B3D0E8F9-4886-4773-9EF7-E640EF4179FE}.Release|Any CPU.Build.0 = Release|Any CPU
		{D5F7E9BB-A124-45F8-98D3-3713E7C9EB81}.Debug|Any CPU.ActiveCfg = Debug|Any CPU
		{D5F7E9BB-A124-45F8-98D3-3713E7C9EB81}.Debug|Any CPU.Build.0 = Debug|Any CPU
		{D5F7E9BB-A124-45F8-98D3-3713E7C9EB81}.Release|Any CPU.ActiveCfg = Release|Any CPU
		{D5F7E9BB-A124-45F8-98D3-3713E7C9EB81}.Release|Any CPU.Build.0 = Release|Any CPU
		{E1E6ED8E-6886-4755-8CFF-6B1EFB19DE69}.Debug|Any CPU.ActiveCfg = Debug|Any CPU
		{E1E6ED8E-6886-4755-8CFF-6B1EFB19DE69}.Debug|Any CPU.Build.0 = Debug|Any CPU
		{E1E6ED8E-6886-4755-8CFF-6B1EFB19DE69}.Release|Any CPU.ActiveCfg = Release|Any CPU
		{E1E6ED8E-6886-4755-8CFF-6B1EFB19DE69}.Release|Any CPU.Build.0 = Release|Any CPU
		{0049AA18-84E6-46E2-8542-59C18DC773A5}.Debug|Any CPU.ActiveCfg = Debug|Any CPU
		{0049AA18-84E6-46E2-8542-59C18DC773A5}.Debug|Any CPU.Build.0 = Debug|Any CPU
		{0049AA18-84E6-46E2-8542-59C18DC773A5}.Release|Any CPU.ActiveCfg = Release|Any CPU
		{0049AA18-84E6-46E2-8542-59C18DC773A5}.Release|Any CPU.Build.0 = Release|Any CPU
		{2AB3F11C-A62E-493E-8B86-B688718221F3}.Debug|Any CPU.ActiveCfg = Debug|Any CPU
		{2AB3F11C-A62E-493E-8B86-B688718221F3}.Debug|Any CPU.Build.0 = Debug|Any CPU
		{2AB3F11C-A62E-493E-8B86-B688718221F3}.Release|Any CPU.ActiveCfg = Release|Any CPU
		{2AB3F11C-A62E-493E-8B86-B688718221F3}.Release|Any CPU.Build.0 = Release|Any CPU
		{324A8785-8F3D-4714-8940-5F324DE84804}.Debug|Any CPU.ActiveCfg = Debug|Any CPU
		{324A8785-8F3D-4714-8940-5F324DE84804}.Debug|Any CPU.Build.0 = Debug|Any CPU
		{324A8785-8F3D-4714-8940-5F324DE84804}.Release|Any CPU.ActiveCfg = Release|Any CPU
		{324A8785-8F3D-4714-8940-5F324DE84804}.Release|Any CPU.Build.0 = Release|Any CPU
		{F233655A-8A81-4805-BDE6-2C2E4D4C8ABF}.Debug|Any CPU.ActiveCfg = Debug|Any CPU
		{F233655A-8A81-4805-BDE6-2C2E4D4C8ABF}.Debug|Any CPU.Build.0 = Debug|Any CPU
		{F233655A-8A81-4805-BDE6-2C2E4D4C8ABF}.Release|Any CPU.ActiveCfg = Release|Any CPU
		{F233655A-8A81-4805-BDE6-2C2E4D4C8ABF}.Release|Any CPU.Build.0 = Release|Any CPU
		{3ADC50B8-371A-4C6E-A9B0-EC6B5122168A}.Debug|Any CPU.ActiveCfg = Debug|Any CPU
		{3ADC50B8-371A-4C6E-A9B0-EC6B5122168A}.Debug|Any CPU.Build.0 = Debug|Any CPU
		{3ADC50B8-371A-4C6E-A9B0-EC6B5122168A}.Release|Any CPU.ActiveCfg = Release|Any CPU
		{3ADC50B8-371A-4C6E-A9B0-EC6B5122168A}.Release|Any CPU.Build.0 = Release|Any CPU
		{537D93CD-D6E8-49A7-AF8C-DA8B326EE700}.Debug|Any CPU.ActiveCfg = Debug|Any CPU
		{537D93CD-D6E8-49A7-AF8C-DA8B326EE700}.Debug|Any CPU.Build.0 = Debug|Any CPU
		{537D93CD-D6E8-49A7-AF8C-DA8B326EE700}.Release|Any CPU.ActiveCfg = Release|Any CPU
		{537D93CD-D6E8-49A7-AF8C-DA8B326EE700}.Release|Any CPU.Build.0 = Release|Any CPU
		{3ED60980-B48D-4223-B067-09A497A62E2E}.Debug|Any CPU.ActiveCfg = Debug|Any CPU
		{3ED60980-B48D-4223-B067-09A497A62E2E}.Debug|Any CPU.Build.0 = Debug|Any CPU
		{3ED60980-B48D-4223-B067-09A497A62E2E}.Release|Any CPU.ActiveCfg = Release|Any CPU
		{3ED60980-B48D-4223-B067-09A497A62E2E}.Release|Any CPU.Build.0 = Release|Any CPU
		{BD42972F-92B9-4BA3-A1A4-31EA33F0958C}.Debug|Any CPU.ActiveCfg = Debug|Any CPU
		{BD42972F-92B9-4BA3-A1A4-31EA33F0958C}.Debug|Any CPU.Build.0 = Debug|Any CPU
		{BD42972F-92B9-4BA3-A1A4-31EA33F0958C}.Release|Any CPU.ActiveCfg = Release|Any CPU
		{BD42972F-92B9-4BA3-A1A4-31EA33F0958C}.Release|Any CPU.Build.0 = Release|Any CPU
		{5DEE17A0-16AC-406D-9169-DE84D0A9AA7C}.Debug|Any CPU.ActiveCfg = Debug|Any CPU
		{5DEE17A0-16AC-406D-9169-DE84D0A9AA7C}.Debug|Any CPU.Build.0 = Debug|Any CPU
		{5DEE17A0-16AC-406D-9169-DE84D0A9AA7C}.Release|Any CPU.ActiveCfg = Release|Any CPU
		{5DEE17A0-16AC-406D-9169-DE84D0A9AA7C}.Release|Any CPU.Build.0 = Release|Any CPU
		{145B7966-5ED6-460E-8D27-D0005B833C96}.Debug|Any CPU.ActiveCfg = Debug|Any CPU
		{145B7966-5ED6-460E-8D27-D0005B833C96}.Debug|Any CPU.Build.0 = Debug|Any CPU
		{145B7966-5ED6-460E-8D27-D0005B833C96}.Release|Any CPU.ActiveCfg = Release|Any CPU
		{145B7966-5ED6-460E-8D27-D0005B833C96}.Release|Any CPU.Build.0 = Release|Any CPU
		{26551A69-F412-48BC-A434-A91055B0BE69}.Debug|Any CPU.ActiveCfg = Debug|Any CPU
		{26551A69-F412-48BC-A434-A91055B0BE69}.Debug|Any CPU.Build.0 = Debug|Any CPU
		{26551A69-F412-48BC-A434-A91055B0BE69}.Release|Any CPU.ActiveCfg = Release|Any CPU
		{26551A69-F412-48BC-A434-A91055B0BE69}.Release|Any CPU.Build.0 = Release|Any CPU
		{2DB5271C-FE0E-4765-BE8D-CAB9D322EB89}.Debug|Any CPU.ActiveCfg = Debug|Any CPU
		{2DB5271C-FE0E-4765-BE8D-CAB9D322EB89}.Debug|Any CPU.Build.0 = Debug|Any CPU
		{2DB5271C-FE0E-4765-BE8D-CAB9D322EB89}.Release|Any CPU.ActiveCfg = Release|Any CPU
		{2DB5271C-FE0E-4765-BE8D-CAB9D322EB89}.Release|Any CPU.Build.0 = Release|Any CPU
		{7C5F2BC6-0C09-4450-B85B-19E1590C3B57}.Debug|Any CPU.ActiveCfg = Debug|Any CPU
		{7C5F2BC6-0C09-4450-B85B-19E1590C3B57}.Debug|Any CPU.Build.0 = Debug|Any CPU
		{7C5F2BC6-0C09-4450-B85B-19E1590C3B57}.Release|Any CPU.ActiveCfg = Release|Any CPU
		{7C5F2BC6-0C09-4450-B85B-19E1590C3B57}.Release|Any CPU.Build.0 = Release|Any CPU
		{F8A9FA54-BA5B-4A64-9B69-557EF4A2682E}.Debug|Any CPU.ActiveCfg = Debug|Any CPU
		{F8A9FA54-BA5B-4A64-9B69-557EF4A2682E}.Debug|Any CPU.Build.0 = Debug|Any CPU
		{F8A9FA54-BA5B-4A64-9B69-557EF4A2682E}.Release|Any CPU.ActiveCfg = Release|Any CPU
		{F8A9FA54-BA5B-4A64-9B69-557EF4A2682E}.Release|Any CPU.Build.0 = Release|Any CPU
		{B18A0864-91CC-48EC-9C8F-ADE39080848D}.Debug|Any CPU.ActiveCfg = Debug|Any CPU
		{B18A0864-91CC-48EC-9C8F-ADE39080848D}.Debug|Any CPU.Build.0 = Debug|Any CPU
		{B18A0864-91CC-48EC-9C8F-ADE39080848D}.Release|Any CPU.ActiveCfg = Release|Any CPU
		{B18A0864-91CC-48EC-9C8F-ADE39080848D}.Release|Any CPU.Build.0 = Release|Any CPU
	EndGlobalSection
	GlobalSection(SolutionProperties) = preSolution
		HideSolutionNode = FALSE
	EndGlobalSection
	GlobalSection(ExtensibilityGlobals) = postSolution
		SolutionGuid = {79B4EAFA-7A74-497B-B8E5-F65DE84C276F}
	EndGlobalSection
EndGlobal
