
Microsoft Visual Studio Solution File, Format Version 12.00
# Visual Studio Version 16
VisualStudioVersion = 16.0.30717.126
MinimumVisualStudioVersion = 10.0.40219.1
Project("{FAE04EC0-301F-11D3-BF4B-00C04F79EFBC}") = "DesktopCalculator", "DesktopCalculator\DesktopCalculator.csproj", "{838E1B80-17F5-4130-9E98-7B572BAE439D}"
EndProject
Global
	GlobalSection(SolutionConfigurationPlatforms) = preSolution
		Debug|Any CPU = Debug|Any CPU
		Release|Any CPU = Release|Any CPU
	EndGlobalSection
	GlobalSection(ProjectConfigurationPlatforms) = postSolution
		{838E1B80-17F5-4130-9E98-7B572BAE439D}.Debug|Any CPU.ActiveCfg = Debug|Any CPU
		{838E1B80-17F5-4130-9E98-7B572BAE439D}.Debug|Any CPU.Build.0 = Debug|Any CPU
		{838E1B80-17F5-4130-9E98-7B572BAE439D}.Release|Any CPU.ActiveCfg = Release|Any CPU
		{838E1B80-17F5-4130-9E98-7B572BAE439D}.Release|Any CPU.Build.0 = Release|Any CPU
	EndGlobalSection
	GlobalSection(SolutionProperties) = preSolution
		HideSolutionNode = FALSE
	EndGlobalSection
	GlobalSection(ExtensibilityGlobals) = postSolution
		SolutionGuid = {04BB2127-48A8-4812-AFB3-4C7809EF0536}
	EndGlobalSection
EndGlobal
